
Microsoft Visual Studio Solution File, Format Version 12.00
# Visual Studio 15
VisualStudioVersion = 15.0.27428.2037
MinimumVisualStudioVersion = 10.0.40219.1
Project("{FAE04EC0-301F-11D3-BF4B-00C04F79EFBC}") = "ConsoleApp15", "ConsoleApp15\ConsoleApp15.csproj", "{C491AA5A-FF4A-4191-A87B-539154E1F2E8}"
EndProject
Global
	GlobalSection(SolutionConfigurationPlatforms) = preSolution
		Debug|Any CPU = Debug|Any CPU
		Release|Any CPU = Release|Any CPU
	EndGlobalSection
	GlobalSection(ProjectConfigurationPlatforms) = postSolution
		{C491AA5A-FF4A-4191-A87B-539154E1F2E8}.Debug|Any CPU.ActiveCfg = Debug|Any CPU
		{C491AA5A-FF4A-4191-A87B-539154E1F2E8}.Debug|Any CPU.Build.0 = Debug|Any CPU
		{C491AA5A-FF4A-4191-A87B-539154E1F2E8}.Release|Any CPU.ActiveCfg = Release|Any CPU
		{C491AA5A-FF4A-4191-A87B-539154E1F2E8}.Release|Any CPU.Build.0 = Release|Any CPU
	EndGlobalSection
	GlobalSection(SolutionProperties) = preSolution
		HideSolutionNode = FALSE
	EndGlobalSection
	GlobalSection(ExtensibilityGlobals) = postSolution
		SolutionGuid = {68841474-4970-453A-BAF6-8E831A040AE0}
	EndGlobalSection
EndGlobal
